
Microsoft Visual Studio Solution File, Format Version 12.00
# Visual Studio 15
VisualStudioVersion = 15.0.27703.2047
MinimumVisualStudioVersion = 10.0.40219.1
Project("{FAE04EC0-301F-11D3-BF4B-00C04F79EFBC}") = "netcoreefmig", "netcoreefmig\netcoreefmig.csproj", "{AD652726-B083-4635-85A9-7CEBC25FA7F5}"
EndProject
Project("{FAE04EC0-301F-11D3-BF4B-00C04F79EFBC}") = "Model", "Model\Model.csproj", "{135290FA-DCC5-4F41-909D-E22D1976DDA0}"
EndProject
Global
	GlobalSection(SolutionConfigurationPlatforms) = preSolution
		Debug|Any CPU = Debug|Any CPU
		Release|Any CPU = Release|Any CPU
	EndGlobalSection
	GlobalSection(ProjectConfigurationPlatforms) = postSolution
		{AD652726-B083-4635-85A9-7CEBC25FA7F5}.Debug|Any CPU.ActiveCfg = Debug|Any CPU
		{AD652726-B083-4635-85A9-7CEBC25FA7F5}.Debug|Any CPU.Build.0 = Debug|Any CPU
		{AD652726-B083-4635-85A9-7CEBC25FA7F5}.Release|Any CPU.ActiveCfg = Release|Any CPU
		{AD652726-B083-4635-85A9-7CEBC25FA7F5}.Release|Any CPU.Build.0 = Release|Any CPU
		{135290FA-DCC5-4F41-909D-E22D1976DDA0}.Debug|Any CPU.ActiveCfg = Debug|Any CPU
		{135290FA-DCC5-4F41-909D-E22D1976DDA0}.Debug|Any CPU.Build.0 = Debug|Any CPU
		{135290FA-DCC5-4F41-909D-E22D1976DDA0}.Release|Any CPU.ActiveCfg = Release|Any CPU
		{135290FA-DCC5-4F41-909D-E22D1976DDA0}.Release|Any CPU.Build.0 = Release|Any CPU
	EndGlobalSection
	GlobalSection(SolutionProperties) = preSolution
		HideSolutionNode = FALSE
	EndGlobalSection
	GlobalSection(ExtensibilityGlobals) = postSolution
		SolutionGuid = {1188E44F-5794-4C41-B1B0-2DB6A938A1FB}
	EndGlobalSection
EndGlobal
