
Microsoft Visual Studio Solution File, Format Version 12.00
# Visual Studio 15
VisualStudioVersion = 15.0.27703.2047
MinimumVisualStudioVersion = 10.0.40219.1
Project("{FAE04EC0-301F-11D3-BF4B-00C04F79EFBC}") = "pjax_aspnet_mvc", "pjax_aspnet_mvc\pjax_aspnet_mvc.csproj", "{51601367-835B-46EB-83D4-A97BBF8C40B5}"
EndProject
Global
	GlobalSection(SolutionConfigurationPlatforms) = preSolution
		Debug|Any CPU = Debug|Any CPU
		Release|Any CPU = Release|Any CPU
	EndGlobalSection
	GlobalSection(ProjectConfigurationPlatforms) = postSolution
		{51601367-835B-46EB-83D4-A97BBF8C40B5}.Debug|Any CPU.ActiveCfg = Debug|Any CPU
		{51601367-835B-46EB-83D4-A97BBF8C40B5}.Debug|Any CPU.Build.0 = Debug|Any CPU
		{51601367-835B-46EB-83D4-A97BBF8C40B5}.Release|Any CPU.ActiveCfg = Release|Any CPU
		{51601367-835B-46EB-83D4-A97BBF8C40B5}.Release|Any CPU.Build.0 = Release|Any CPU
	EndGlobalSection
	GlobalSection(SolutionProperties) = preSolution
		HideSolutionNode = FALSE
	EndGlobalSection
	GlobalSection(ExtensibilityGlobals) = postSolution
		SolutionGuid = {D0F785A2-6195-4B30-BDDA-F14D7BC5B6B2}
	EndGlobalSection
EndGlobal
