
Microsoft Visual Studio Solution File, Format Version 12.00
# Visual Studio 15
VisualStudioVersion = 15.0.27428.2043
MinimumVisualStudioVersion = 10.0.40219.1
Project("{FAE04EC0-301F-11D3-BF4B-00C04F79EFBC}") = "Danmaku", "Danmaku\Danmaku.csproj", "{AEC4E3F5-813F-439D-A9F6-EE8629C544DC}"
EndProject
Project("{FAE04EC0-301F-11D3-BF4B-00C04F79EFBC}") = "Model", "Model\Model.csproj", "{FFD66A61-5F83-45A7-95A3-082FBEA38940}"
EndProject
Global
	GlobalSection(SolutionConfigurationPlatforms) = preSolution
		Debug|Any CPU = Debug|Any CPU
		Release|Any CPU = Release|Any CPU
	EndGlobalSection
	GlobalSection(ProjectConfigurationPlatforms) = postSolution
		{AEC4E3F5-813F-439D-A9F6-EE8629C544DC}.Debug|Any CPU.ActiveCfg = Debug|Any CPU
		{AEC4E3F5-813F-439D-A9F6-EE8629C544DC}.Debug|Any CPU.Build.0 = Debug|Any CPU
		{AEC4E3F5-813F-439D-A9F6-EE8629C544DC}.Release|Any CPU.ActiveCfg = Release|Any CPU
		{AEC4E3F5-813F-439D-A9F6-EE8629C544DC}.Release|Any CPU.Build.0 = Release|Any CPU
		{FFD66A61-5F83-45A7-95A3-082FBEA38940}.Debug|Any CPU.ActiveCfg = Debug|Any CPU
		{FFD66A61-5F83-45A7-95A3-082FBEA38940}.Debug|Any CPU.Build.0 = Debug|Any CPU
		{FFD66A61-5F83-45A7-95A3-082FBEA38940}.Release|Any CPU.ActiveCfg = Release|Any CPU
		{FFD66A61-5F83-45A7-95A3-082FBEA38940}.Release|Any CPU.Build.0 = Release|Any CPU
	EndGlobalSection
	GlobalSection(SolutionProperties) = preSolution
		HideSolutionNode = FALSE
	EndGlobalSection
	GlobalSection(ExtensibilityGlobals) = postSolution
		SolutionGuid = {FD863A9E-50CB-4B35-A6CA-A1D83BD7B17B}
	EndGlobalSection
EndGlobal
