
Microsoft Visual Studio Solution File, Format Version 12.00
# Visual Studio Version 16
VisualStudioVersion = 16.0.31129.286
MinimumVisualStudioVersion = 10.0.40219.1
Project("{FAE04EC0-301F-11D3-BF4B-00C04F79EFBC}") = "Lyric", "Lyric\Lyric.csproj", "{6A42E118-CB04-41E9-9A6B-8E35027A4DCC}"
EndProject
Global
	GlobalSection(SolutionConfigurationPlatforms) = preSolution
		Debug|Any CPU = Debug|Any CPU
		Release|Any CPU = Release|Any CPU
	EndGlobalSection
	GlobalSection(ProjectConfigurationPlatforms) = postSolution
		{6A42E118-CB04-41E9-9A6B-8E35027A4DCC}.Debug|Any CPU.ActiveCfg = Debug|Any CPU
		{6A42E118-CB04-41E9-9A6B-8E35027A4DCC}.Debug|Any CPU.Build.0 = Debug|Any CPU
		{6A42E118-CB04-41E9-9A6B-8E35027A4DCC}.Release|Any CPU.ActiveCfg = Release|Any CPU
		{6A42E118-CB04-41E9-9A6B-8E35027A4DCC}.Release|Any CPU.Build.0 = Release|Any CPU
	EndGlobalSection
	GlobalSection(SolutionProperties) = preSolution
		HideSolutionNode = FALSE
	EndGlobalSection
	GlobalSection(ExtensibilityGlobals) = postSolution
		SolutionGuid = {003A6F8B-3EEA-4053-A54C-389EE6519F6E}
	EndGlobalSection
EndGlobal
