
Microsoft Visual Studio Solution File, Format Version 12.00
# Visual Studio 15
VisualStudioVersion = 15.0.27703.2047
MinimumVisualStudioVersion = 10.0.40219.1
Project("{FAE04EC0-301F-11D3-BF4B-00C04F79EFBC}") = "UIL", "UIL\UIL.csproj", "{BB97F35A-EC49-47D2-BF45-39AA6B2872BC}"
EndProject
Global
	GlobalSection(SolutionConfigurationPlatforms) = preSolution
		Debug|Any CPU = Debug|Any CPU
		Release|Any CPU = Release|Any CPU
	EndGlobalSection
	GlobalSection(ProjectConfigurationPlatforms) = postSolution
		{BB97F35A-EC49-47D2-BF45-39AA6B2872BC}.Debug|Any CPU.ActiveCfg = Debug|Any CPU
		{BB97F35A-EC49-47D2-BF45-39AA6B2872BC}.Debug|Any CPU.Build.0 = Debug|Any CPU
		{BB97F35A-EC49-47D2-BF45-39AA6B2872BC}.Release|Any CPU.ActiveCfg = Release|Any CPU
		{BB97F35A-EC49-47D2-BF45-39AA6B2872BC}.Release|Any CPU.Build.0 = Release|Any CPU
	EndGlobalSection
	GlobalSection(SolutionProperties) = preSolution
		HideSolutionNode = FALSE
	EndGlobalSection
	GlobalSection(ExtensibilityGlobals) = postSolution
		SolutionGuid = {4EE473D3-830E-4609-9E77-953E478FF4B8}
	EndGlobalSection
EndGlobal
