
Microsoft Visual Studio Solution File, Format Version 12.00
# Visual Studio Version 16
VisualStudioVersion = 16.0.29609.76
MinimumVisualStudioVersion = 10.0.40219.1
Project("{FAE04EC0-301F-11D3-BF4B-00C04F79EFBC}") = "BiliLib", "BiliLib\BiliLib.csproj", "{CE93074B-BB7E-428A-91CE-D936EC7D3986}"
EndProject
Project("{FAE04EC0-301F-11D3-BF4B-00C04F79EFBC}") = "DesktopApp", "DesktopApp\DesktopApp.csproj", "{722B2FA7-2B19-4B72-A831-AD9380DBFD3C}"
EndProject
Project("{FAE04EC0-301F-11D3-BF4B-00C04F79EFBC}") = "ConsoleApp", "ConsoleApp\ConsoleApp.csproj", "{0E241626-1248-4771-8B91-8F9E746CC794}"
EndProject
Project("{FAE04EC0-301F-11D3-BF4B-00C04F79EFBC}") = "Test", "Test\Test.csproj", "{D0C9ED25-2390-4719-84ED-D4D5C6D64DED}"
EndProject
Global
	GlobalSection(SolutionConfigurationPlatforms) = preSolution
		Debug|Any CPU = Debug|Any CPU
		Release|Any CPU = Release|Any CPU
	EndGlobalSection
	GlobalSection(ProjectConfigurationPlatforms) = postSolution
		{CE93074B-BB7E-428A-91CE-D936EC7D3986}.Debug|Any CPU.ActiveCfg = Debug|Any CPU
		{CE93074B-BB7E-428A-91CE-D936EC7D3986}.Debug|Any CPU.Build.0 = Debug|Any CPU
		{CE93074B-BB7E-428A-91CE-D936EC7D3986}.Release|Any CPU.ActiveCfg = Release|Any CPU
		{CE93074B-BB7E-428A-91CE-D936EC7D3986}.Release|Any CPU.Build.0 = Release|Any CPU
		{722B2FA7-2B19-4B72-A831-AD9380DBFD3C}.Debug|Any CPU.ActiveCfg = Debug|Any CPU
		{722B2FA7-2B19-4B72-A831-AD9380DBFD3C}.Debug|Any CPU.Build.0 = Debug|Any CPU
		{722B2FA7-2B19-4B72-A831-AD9380DBFD3C}.Release|Any CPU.ActiveCfg = Release|Any CPU
		{722B2FA7-2B19-4B72-A831-AD9380DBFD3C}.Release|Any CPU.Build.0 = Release|Any CPU
		{0E241626-1248-4771-8B91-8F9E746CC794}.Debug|Any CPU.ActiveCfg = Debug|Any CPU
		{0E241626-1248-4771-8B91-8F9E746CC794}.Debug|Any CPU.Build.0 = Debug|Any CPU
		{0E241626-1248-4771-8B91-8F9E746CC794}.Release|Any CPU.ActiveCfg = Release|Any CPU
		{0E241626-1248-4771-8B91-8F9E746CC794}.Release|Any CPU.Build.0 = Release|Any CPU
		{D0C9ED25-2390-4719-84ED-D4D5C6D64DED}.Debug|Any CPU.ActiveCfg = Debug|Any CPU
		{D0C9ED25-2390-4719-84ED-D4D5C6D64DED}.Debug|Any CPU.Build.0 = Debug|Any CPU
		{D0C9ED25-2390-4719-84ED-D4D5C6D64DED}.Release|Any CPU.ActiveCfg = Release|Any CPU
		{D0C9ED25-2390-4719-84ED-D4D5C6D64DED}.Release|Any CPU.Build.0 = Release|Any CPU
	EndGlobalSection
	GlobalSection(SolutionProperties) = preSolution
		HideSolutionNode = FALSE
	EndGlobalSection
	GlobalSection(ExtensibilityGlobals) = postSolution
		SolutionGuid = {25C4703F-4491-440B-8804-25DF7AAA3584}
	EndGlobalSection
EndGlobal
