
Microsoft Visual Studio Solution File, Format Version 12.00
# Visual Studio 15
VisualStudioVersion = 15.0.27703.2047
MinimumVisualStudioVersion = 10.0.40219.1
Project("{FAE04EC0-301F-11D3-BF4B-00C04F79EFBC}") = "SocketDemo", "SocketDemo\SocketDemo.csproj", "{94F86DE0-B1DB-4B99-85DC-73409A0B23F5}"
EndProject
Global
	GlobalSection(SolutionConfigurationPlatforms) = preSolution
		Debug|Any CPU = Debug|Any CPU
		Release|Any CPU = Release|Any CPU
	EndGlobalSection
	GlobalSection(ProjectConfigurationPlatforms) = postSolution
		{94F86DE0-B1DB-4B99-85DC-73409A0B23F5}.Debug|Any CPU.ActiveCfg = Debug|Any CPU
		{94F86DE0-B1DB-4B99-85DC-73409A0B23F5}.Debug|Any CPU.Build.0 = Debug|Any CPU
		{94F86DE0-B1DB-4B99-85DC-73409A0B23F5}.Release|Any CPU.ActiveCfg = Release|Any CPU
		{94F86DE0-B1DB-4B99-85DC-73409A0B23F5}.Release|Any CPU.Build.0 = Release|Any CPU
	EndGlobalSection
	GlobalSection(SolutionProperties) = preSolution
		HideSolutionNode = FALSE
	EndGlobalSection
	GlobalSection(ExtensibilityGlobals) = postSolution
		SolutionGuid = {F603FB2B-E673-4359-AECA-013DD57ED571}
	EndGlobalSection
EndGlobal
