
Microsoft Visual Studio Solution File, Format Version 12.00
# Visual Studio 15
VisualStudioVersion = 15.0.27703.2047
MinimumVisualStudioVersion = 10.0.40219.1
Project("{FAE04EC0-301F-11D3-BF4B-00C04F79EFBC}") = "Phoneword.Android", "Phoneword\Phoneword.Android\Phoneword.Android.csproj", "{7D4301AA-4030-4EBE-832A-1F55D33A85D9}"
EndProject
Project("{FAE04EC0-301F-11D3-BF4B-00C04F79EFBC}") = "Phoneword.iOS", "Phoneword\Phoneword.iOS\Phoneword.iOS.csproj", "{167B9A32-AAD6-4123-94E3-88288B30D3EE}"
EndProject
Project("{FAE04EC0-301F-11D3-BF4B-00C04F79EFBC}") = "Phoneword", "Phoneword\Phoneword\Phoneword.csproj", "{4E12FB32-6608-4FA4-B92E-43EBA3FDBB41}"
EndProject
Global
	GlobalSection(SolutionConfigurationPlatforms) = preSolution
		Ad-Hoc|Any CPU = Ad-Hoc|Any CPU
		Ad-Hoc|iPhone = Ad-Hoc|iPhone
		Ad-Hoc|iPhoneSimulator = Ad-Hoc|iPhoneSimulator
		AppStore|Any CPU = AppStore|Any CPU
		AppStore|iPhone = AppStore|iPhone
		AppStore|iPhoneSimulator = AppStore|iPhoneSimulator
		Debug|Any CPU = Debug|Any CPU
		Debug|iPhone = Debug|iPhone
		Debug|iPhoneSimulator = Debug|iPhoneSimulator
		Release|Any CPU = Release|Any CPU
		Release|iPhone = Release|iPhone
		Release|iPhoneSimulator = Release|iPhoneSimulator
	EndGlobalSection
	GlobalSection(ProjectConfigurationPlatforms) = postSolution
		{7D4301AA-4030-4EBE-832A-1F55D33A85D9}.Ad-Hoc|Any CPU.ActiveCfg = Release|Any CPU
		{7D4301AA-4030-4EBE-832A-1F55D33A85D9}.Ad-Hoc|Any CPU.Build.0 = Release|Any CPU
		{7D4301AA-4030-4EBE-832A-1F55D33A85D9}.Ad-Hoc|Any CPU.Deploy.0 = Release|Any CPU
		{7D4301AA-4030-4EBE-832A-1F55D33A85D9}.Ad-Hoc|iPhone.ActiveCfg = Release|Any CPU
		{7D4301AA-4030-4EBE-832A-1F55D33A85D9}.Ad-Hoc|iPhone.Build.0 = Release|Any CPU
		{7D4301AA-4030-4EBE-832A-1F55D33A85D9}.Ad-Hoc|iPhone.Deploy.0 = Release|Any CPU
		{7D4301AA-4030-4EBE-832A-1F55D33A85D9}.Ad-Hoc|iPhoneSimulator.ActiveCfg = Release|Any CPU
		{7D4301AA-4030-4EBE-832A-1F55D33A85D9}.Ad-Hoc|iPhoneSimulator.Build.0 = Release|Any CPU
		{7D4301AA-4030-4EBE-832A-1F55D33A85D9}.Ad-Hoc|iPhoneSimulator.Deploy.0 = Release|Any CPU
		{7D4301AA-4030-4EBE-832A-1F55D33A85D9}.AppStore|Any CPU.ActiveCfg = Release|Any CPU
		{7D4301AA-4030-4EBE-832A-1F55D33A85D9}.AppStore|Any CPU.Build.0 = Release|Any CPU
		{7D4301AA-4030-4EBE-832A-1F55D33A85D9}.AppStore|Any CPU.Deploy.0 = Release|Any CPU
		{7D4301AA-4030-4EBE-832A-1F55D33A85D9}.AppStore|iPhone.ActiveCfg = Release|Any CPU
		{7D4301AA-4030-4EBE-832A-1F55D33A85D9}.AppStore|iPhone.Build.0 = Release|Any CPU
		{7D4301AA-4030-4EBE-832A-1F55D33A85D9}.AppStore|iPhone.Deploy.0 = Release|Any CPU
		{7D4301AA-4030-4EBE-832A-1F55D33A85D9}.AppStore|iPhoneSimulator.ActiveCfg = Release|Any CPU
		{7D4301AA-4030-4EBE-832A-1F55D33A85D9}.AppStore|iPhoneSimulator.Build.0 = Release|Any CPU
		{7D4301AA-4030-4EBE-832A-1F55D33A85D9}.AppStore|iPhoneSimulator.Deploy.0 = Release|Any CPU
		{7D4301AA-4030-4EBE-832A-1F55D33A85D9}.Debug|Any CPU.ActiveCfg = Debug|Any CPU
		{7D4301AA-4030-4EBE-832A-1F55D33A85D9}.Debug|Any CPU.Build.0 = Debug|Any CPU
		{7D4301AA-4030-4EBE-832A-1F55D33A85D9}.Debug|Any CPU.Deploy.0 = Debug|Any CPU
		{7D4301AA-4030-4EBE-832A-1F55D33A85D9}.Debug|iPhone.ActiveCfg = Debug|Any CPU
		{7D4301AA-4030-4EBE-832A-1F55D33A85D9}.Debug|iPhone.Build.0 = Debug|Any CPU
		{7D4301AA-4030-4EBE-832A-1F55D33A85D9}.Debug|iPhone.Deploy.0 = Debug|Any CPU
		{7D4301AA-4030-4EBE-832A-1F55D33A85D9}.Debug|iPhoneSimulator.ActiveCfg = Debug|Any CPU
		{7D4301AA-4030-4EBE-832A-1F55D33A85D9}.Debug|iPhoneSimulator.Build.0 = Debug|Any CPU
		{7D4301AA-4030-4EBE-832A-1F55D33A85D9}.Debug|iPhoneSimulator.Deploy.0 = Debug|Any CPU
		{7D4301AA-4030-4EBE-832A-1F55D33A85D9}.Release|Any CPU.ActiveCfg = Release|Any CPU
		{7D4301AA-4030-4EBE-832A-1F55D33A85D9}.Release|Any CPU.Build.0 = Release|Any CPU
		{7D4301AA-4030-4EBE-832A-1F55D33A85D9}.Release|Any CPU.Deploy.0 = Release|Any CPU
		{7D4301AA-4030-4EBE-832A-1F55D33A85D9}.Release|iPhone.ActiveCfg = Release|Any CPU
		{7D4301AA-4030-4EBE-832A-1F55D33A85D9}.Release|iPhone.Build.0 = Release|Any CPU
		{7D4301AA-4030-4EBE-832A-1F55D33A85D9}.Release|iPhone.Deploy.0 = Release|Any CPU
		{7D4301AA-4030-4EBE-832A-1F55D33A85D9}.Release|iPhoneSimulator.ActiveCfg = Release|Any CPU
		{7D4301AA-4030-4EBE-832A-1F55D33A85D9}.Release|iPhoneSimulator.Build.0 = Release|Any CPU
		{7D4301AA-4030-4EBE-832A-1F55D33A85D9}.Release|iPhoneSimulator.Deploy.0 = Release|Any CPU
		{167B9A32-AAD6-4123-94E3-88288B30D3EE}.Ad-Hoc|Any CPU.ActiveCfg = Ad-Hoc|iPhone
		{167B9A32-AAD6-4123-94E3-88288B30D3EE}.Ad-Hoc|Any CPU.Build.0 = Ad-Hoc|iPhone
		{167B9A32-AAD6-4123-94E3-88288B30D3EE}.Ad-Hoc|Any CPU.Deploy.0 = Ad-Hoc|iPhone
		{167B9A32-AAD6-4123-94E3-88288B30D3EE}.Ad-Hoc|iPhone.ActiveCfg = Ad-Hoc|iPhone
		{167B9A32-AAD6-4123-94E3-88288B30D3EE}.Ad-Hoc|iPhone.Build.0 = Ad-Hoc|iPhone
		{167B9A32-AAD6-4123-94E3-88288B30D3EE}.Ad-Hoc|iPhone.Deploy.0 = Ad-Hoc|iPhone
		{167B9A32-AAD6-4123-94E3-88288B30D3EE}.Ad-Hoc|iPhoneSimulator.ActiveCfg = Ad-Hoc|iPhoneSimulator
		{167B9A32-AAD6-4123-94E3-88288B30D3EE}.Ad-Hoc|iPhoneSimulator.Build.0 = Ad-Hoc|iPhoneSimulator
		{167B9A32-AAD6-4123-94E3-88288B30D3EE}.Ad-Hoc|iPhoneSimulator.Deploy.0 = Ad-Hoc|iPhoneSimulator
		{167B9A32-AAD6-4123-94E3-88288B30D3EE}.AppStore|Any CPU.ActiveCfg = AppStore|iPhone
		{167B9A32-AAD6-4123-94E3-88288B30D3EE}.AppStore|Any CPU.Build.0 = AppStore|iPhone
		{167B9A32-AAD6-4123-94E3-88288B30D3EE}.AppStore|Any CPU.Deploy.0 = AppStore|iPhone
		{167B9A32-AAD6-4123-94E3-88288B30D3EE}.AppStore|iPhone.ActiveCfg = AppStore|iPhone
		{167B9A32-AAD6-4123-94E3-88288B30D3EE}.AppStore|iPhone.Build.0 = AppStore|iPhone
		{167B9A32-AAD6-4123-94E3-88288B30D3EE}.AppStore|iPhone.Deploy.0 = AppStore|iPhone
		{167B9A32-AAD6-4123-94E3-88288B30D3EE}.AppStore|iPhoneSimulator.ActiveCfg = AppStore|iPhoneSimulator
		{167B9A32-AAD6-4123-94E3-88288B30D3EE}.AppStore|iPhoneSimulator.Build.0 = AppStore|iPhoneSimulator
		{167B9A32-AAD6-4123-94E3-88288B30D3EE}.AppStore|iPhoneSimulator.Deploy.0 = AppStore|iPhoneSimulator
		{167B9A32-AAD6-4123-94E3-88288B30D3EE}.Debug|Any CPU.ActiveCfg = Debug|iPhoneSimulator
		{167B9A32-AAD6-4123-94E3-88288B30D3EE}.Debug|Any CPU.Build.0 = Debug|iPhoneSimulator
		{167B9A32-AAD6-4123-94E3-88288B30D3EE}.Debug|Any CPU.Deploy.0 = Debug|iPhoneSimulator
		{167B9A32-AAD6-4123-94E3-88288B30D3EE}.Debug|iPhone.ActiveCfg = Debug|iPhone
		{167B9A32-AAD6-4123-94E3-88288B30D3EE}.Debug|iPhone.Build.0 = Debug|iPhone
		{167B9A32-AAD6-4123-94E3-88288B30D3EE}.Debug|iPhone.Deploy.0 = Debug|iPhone
		{167B9A32-AAD6-4123-94E3-88288B30D3EE}.Debug|iPhoneSimulator.ActiveCfg = Debug|iPhoneSimulator
		{167B9A32-AAD6-4123-94E3-88288B30D3EE}.Debug|iPhoneSimulator.Build.0 = Debug|iPhoneSimulator
		{167B9A32-AAD6-4123-94E3-88288B30D3EE}.Debug|iPhoneSimulator.Deploy.0 = Debug|iPhoneSimulator
		{167B9A32-AAD6-4123-94E3-88288B30D3EE}.Release|Any CPU.ActiveCfg = Release|iPhone
		{167B9A32-AAD6-4123-94E3-88288B30D3EE}.Release|Any CPU.Build.0 = Release|iPhone
		{167B9A32-AAD6-4123-94E3-88288B30D3EE}.Release|Any CPU.Deploy.0 = Release|iPhone
		{167B9A32-AAD6-4123-94E3-88288B30D3EE}.Release|iPhone.ActiveCfg = Release|iPhone
		{167B9A32-AAD6-4123-94E3-88288B30D3EE}.Release|iPhone.Build.0 = Release|iPhone
		{167B9A32-AAD6-4123-94E3-88288B30D3EE}.Release|iPhone.Deploy.0 = Release|iPhone
		{167B9A32-AAD6-4123-94E3-88288B30D3EE}.Release|iPhoneSimulator.ActiveCfg = Release|iPhoneSimulator
		{167B9A32-AAD6-4123-94E3-88288B30D3EE}.Release|iPhoneSimulator.Build.0 = Release|iPhoneSimulator
		{167B9A32-AAD6-4123-94E3-88288B30D3EE}.Release|iPhoneSimulator.Deploy.0 = Release|iPhoneSimulator
		{4E12FB32-6608-4FA4-B92E-43EBA3FDBB41}.Ad-Hoc|Any CPU.ActiveCfg = Debug|Any CPU
		{4E12FB32-6608-4FA4-B92E-43EBA3FDBB41}.Ad-Hoc|Any CPU.Build.0 = Debug|Any CPU
		{4E12FB32-6608-4FA4-B92E-43EBA3FDBB41}.Ad-Hoc|Any CPU.Deploy.0 = Debug|Any CPU
		{4E12FB32-6608-4FA4-B92E-43EBA3FDBB41}.Ad-Hoc|iPhone.ActiveCfg = Debug|Any CPU
		{4E12FB32-6608-4FA4-B92E-43EBA3FDBB41}.Ad-Hoc|iPhone.Build.0 = Debug|Any CPU
		{4E12FB32-6608-4FA4-B92E-43EBA3FDBB41}.Ad-Hoc|iPhone.Deploy.0 = Debug|Any CPU
		{4E12FB32-6608-4FA4-B92E-43EBA3FDBB41}.Ad-Hoc|iPhoneSimulator.ActiveCfg = Debug|Any CPU
		{4E12FB32-6608-4FA4-B92E-43EBA3FDBB41}.Ad-Hoc|iPhoneSimulator.Build.0 = Debug|Any CPU
		{4E12FB32-6608-4FA4-B92E-43EBA3FDBB41}.Ad-Hoc|iPhoneSimulator.Deploy.0 = Debug|Any CPU
		{4E12FB32-6608-4FA4-B92E-43EBA3FDBB41}.AppStore|Any CPU.ActiveCfg = Debug|Any CPU
		{4E12FB32-6608-4FA4-B92E-43EBA3FDBB41}.AppStore|Any CPU.Build.0 = Debug|Any CPU
		{4E12FB32-6608-4FA4-B92E-43EBA3FDBB41}.AppStore|Any CPU.Deploy.0 = Debug|Any CPU
		{4E12FB32-6608-4FA4-B92E-43EBA3FDBB41}.AppStore|iPhone.ActiveCfg = Debug|Any CPU
		{4E12FB32-6608-4FA4-B92E-43EBA3FDBB41}.AppStore|iPhone.Build.0 = Debug|Any CPU
		{4E12FB32-6608-4FA4-B92E-43EBA3FDBB41}.AppStore|iPhone.Deploy.0 = Debug|Any CPU
		{4E12FB32-6608-4FA4-B92E-43EBA3FDBB41}.AppStore|iPhoneSimulator.ActiveCfg = Debug|Any CPU
		{4E12FB32-6608-4FA4-B92E-43EBA3FDBB41}.AppStore|iPhoneSimulator.Build.0 = Debug|Any CPU
		{4E12FB32-6608-4FA4-B92E-43EBA3FDBB41}.AppStore|iPhoneSimulator.Deploy.0 = Debug|Any CPU
		{4E12FB32-6608-4FA4-B92E-43EBA3FDBB41}.Debug|Any CPU.ActiveCfg = Debug|Any CPU
		{4E12FB32-6608-4FA4-B92E-43EBA3FDBB41}.Debug|Any CPU.Build.0 = Debug|Any CPU
		{4E12FB32-6608-4FA4-B92E-43EBA3FDBB41}.Debug|Any CPU.Deploy.0 = Debug|Any CPU
		{4E12FB32-6608-4FA4-B92E-43EBA3FDBB41}.Debug|iPhone.ActiveCfg = Debug|Any CPU
		{4E12FB32-6608-4FA4-B92E-43EBA3FDBB41}.Debug|iPhone.Build.0 = Debug|Any CPU
		{4E12FB32-6608-4FA4-B92E-43EBA3FDBB41}.Debug|iPhone.Deploy.0 = Debug|Any CPU
		{4E12FB32-6608-4FA4-B92E-43EBA3FDBB41}.Debug|iPhoneSimulator.ActiveCfg = Debug|Any CPU
		{4E12FB32-6608-4FA4-B92E-43EBA3FDBB41}.Debug|iPhoneSimulator.Build.0 = Debug|Any CPU
		{4E12FB32-6608-4FA4-B92E-43EBA3FDBB41}.Debug|iPhoneSimulator.Deploy.0 = Debug|Any CPU
		{4E12FB32-6608-4FA4-B92E-43EBA3FDBB41}.Release|Any CPU.ActiveCfg = Release|Any CPU
		{4E12FB32-6608-4FA4-B92E-43EBA3FDBB41}.Release|Any CPU.Build.0 = Release|Any CPU
		{4E12FB32-6608-4FA4-B92E-43EBA3FDBB41}.Release|Any CPU.Deploy.0 = Release|Any CPU
		{4E12FB32-6608-4FA4-B92E-43EBA3FDBB41}.Release|iPhone.ActiveCfg = Release|Any CPU
		{4E12FB32-6608-4FA4-B92E-43EBA3FDBB41}.Release|iPhone.Build.0 = Release|Any CPU
		{4E12FB32-6608-4FA4-B92E-43EBA3FDBB41}.Release|iPhone.Deploy.0 = Release|Any CPU
		{4E12FB32-6608-4FA4-B92E-43EBA3FDBB41}.Release|iPhoneSimulator.ActiveCfg = Release|Any CPU
		{4E12FB32-6608-4FA4-B92E-43EBA3FDBB41}.Release|iPhoneSimulator.Build.0 = Release|Any CPU
		{4E12FB32-6608-4FA4-B92E-43EBA3FDBB41}.Release|iPhoneSimulator.Deploy.0 = Release|Any CPU
	EndGlobalSection
	GlobalSection(SolutionProperties) = preSolution
		HideSolutionNode = FALSE
	EndGlobalSection
	GlobalSection(ExtensibilityGlobals) = postSolution
		SolutionGuid = {C3A697AA-3764-4992-B925-4A95563C32BB}
	EndGlobalSection
EndGlobal
